
Microsoft Visual Studio Solution File, Format Version 12.00
# Visual Studio Version 17
VisualStudioVersion = 17.9.34714.143
MinimumVisualStudioVersion = 10.0.40219.1
Project("{FAE04EC0-301F-11D3-BF4B-00C04F79EFBC}") = "25sept", "25sept.csproj", "{F677C3CE-F6F9-4A3D-81F5-3AAEBCF0E742}"
EndProject
Global
	GlobalSection(SolutionConfigurationPlatforms) = preSolution
		Debug|Any CPU = Debug|Any CPU
		Release|Any CPU = Release|Any CPU
	EndGlobalSection
	GlobalSection(ProjectConfigurationPlatforms) = postSolution
		{F677C3CE-F6F9-4A3D-81F5-3AAEBCF0E742}.Debug|Any CPU.ActiveCfg = Debug|Any CPU
		{F677C3CE-F6F9-4A3D-81F5-3AAEBCF0E742}.Debug|Any CPU.Build.0 = Debug|Any CPU
		{F677C3CE-F6F9-4A3D-81F5-3AAEBCF0E742}.Release|Any CPU.ActiveCfg = Release|Any CPU
		{F677C3CE-F6F9-4A3D-81F5-3AAEBCF0E742}.Release|Any CPU.Build.0 = Release|Any CPU
	EndGlobalSection
	GlobalSection(SolutionProperties) = preSolution
		HideSolutionNode = FALSE
	EndGlobalSection
	GlobalSection(ExtensibilityGlobals) = postSolution
		SolutionGuid = {846EF241-DC5B-4562-86EF-DEF2DAF9E7CA}
	EndGlobalSection
EndGlobal
